
Microsoft Visual Studio Solution File, Format Version 12.00
# Visual Studio Version 17
VisualStudioVersion = 17.11.35327.3
MinimumVisualStudioVersion = 10.0.40219.1
Project("{FAE04EC0-301F-11D3-BF4B-00C04F79EFBC}") = "MongoEntity", "MongoEntity\MongoEntity.csproj", "{E4A3E51F-A6D9-4199-B77E-53F8120EAD5F}"
EndProject
Global
	GlobalSection(SolutionConfigurationPlatforms) = preSolution
		Debug|Any CPU = Debug|Any CPU
		Release|Any CPU = Release|Any CPU
	EndGlobalSection
	GlobalSection(ProjectConfigurationPlatforms) = postSolution
		{E4A3E51F-A6D9-4199-B77E-53F8120EAD5F}.Debug|Any CPU.ActiveCfg = Debug|Any CPU
		{E4A3E51F-A6D9-4199-B77E-53F8120EAD5F}.Debug|Any CPU.Build.0 = Debug|Any CPU
		{E4A3E51F-A6D9-4199-B77E-53F8120EAD5F}.Release|Any CPU.ActiveCfg = Release|Any CPU
		{E4A3E51F-A6D9-4199-B77E-53F8120EAD5F}.Release|Any CPU.Build.0 = Release|Any CPU
	EndGlobalSection
	GlobalSection(SolutionProperties) = preSolution
		HideSolutionNode = FALSE
	EndGlobalSection
	GlobalSection(ExtensibilityGlobals) = postSolution
		SolutionGuid = {7D180F9D-4827-4438-AE78-415415494A2C}
	EndGlobalSection
EndGlobal
